version = 1
revision = 3
requires-python = ">=3.12, <3.14"

[[package]]
name = "certifi"
version = "2026.7.22"
source = { registry = "https://pypi.org/simple" }
sdist = { url = "https://files.pythonhosted.org/packages/a3/c2/24167ea9858356b47a87a50d39908bfdb72ceeefe0041586e704e5376b3a/certifi-2026.7.22.tar.gz", hash = "sha256:741e2c3b351ddf169a738da9f2c048608ff7f2c5cc02f1ebc6b118bb090d5d55", size = 138112, upload-time = "2026-07-22T03:35:12.644Z" }
wheels = [
    { url = "https://files.pythonhosted.org/packages/0b/a7/71ac2cff56fec219ed242bb11b8efb69fcc4bec75db06fb7bfe35de520e6/certifi-2026.7.22-py3-none-any.whl", hash = "sha256:62f22742b58a1a33014a2b6b706588a8d7e2a88ae7bd1a6ebe8c992928483775", size = 136983, upload-time = "2026-07-22T03:35:11.276Z" },
]

[[package]]
name = "cffi"
version = "2.1.1"
source = { registry = "https://pypi.org/simple" }
dependencies = [
    { name = "pycparser", marker = "implementation_name != 'PyPy'" },
]
sdist = { url = "https://files.pythonhosted.org/packages/9e/ef/008a1939e372c06329a3fce4279c02f328488f3526744906eeec3da7ad5f/cffi-2.1.1.tar.gz", hash = "sha256:dd31f52ea1086513bb9df30f8fcee9b8918323ae067a3d5b78bc826a000712be", size = 530807, upload-time = "2026-08-03T21:21:18.939Z" }
wheels = [
    { url = "https://files.pythonhosted.org/packages/10/69/43965eccfdead3b9220015fd1320e117be8c6ed01a62ffab76eeb752f5d5/cffi-2.1.1-cp312-cp312-macosx_10_15_x86_64.whl", hash = "sha256:c8c69575568085ba0b1b10c0249d779a214aea6f6522e949a0fc9fb0fcb449d0", size = 184821, upload-time = "2026-08-03T21:19:44.887Z" },
    { url = "https://files.pythonhosted.org/packages/54/7d/16e5a096677b5e313ca80cd5e5170efa3ea44624a82bb111925522da64b1/cffi-2.1.1-cp312-cp312-macosx_11_0_arm64.whl", hash = "sha256:f81b3b8f3d4e343550fa4baa0e479bba9f2d29ce9c2e9b51d1ce1718d7442fcf", size = 184719, upload-time = "2026-08-03T21:19:46.129Z" },
    { url = "https://files.pythonhosted.org/packages/56/e6/8941622732edec876dd17d0453dce07317ae96db34f2ec1436c9d3785986/cffi-2.1.1-cp312-cp312-manylinux1_i686.manylinux2014_i686.manylinux_2_17_i686.manylinux_2_5_i686.whl", hash = "sha256:811bd1e21d32de12efca32393a0ab3f5133b54fce9bd44b8bd77ab07da14bf6a", size = 214799, upload-time = "2026-08-03T21:19:47.218Z" },
    { url = "https://files.pythonhosted.org/packages/44/de/f98430906df1545ffde0d543dd124a7a439bc2cd32b36b9c53f805df7333/cffi-2.1.1-cp312-cp312-manylinux2014_aarch64.manylinux_2_17_aarch64.whl", hash = "sha256:68e62fe11f30d5ca8289242866f0a5291402d8529ca2178ab8afc5c9694ae890", size = 222389, upload-time = "2026-08-03T21:19:48.331Z" },
    { url = "https://files.pythonhosted.org/packages/6a/5b/717f1526b9957b34456313c31645c5b82b8fb5c3fe9e4752999be7128bfc/cffi-2.1.1-cp312-cp312-manylinux2014_ppc64le.manylinux_2_17_ppc64le.whl", hash = "sha256:4a7c934f7360e8cd64fe9efadcbd10c7c6364f531e432b9a4bf5ccbc9e0e8b50", size = 210249, upload-time = "2026-08-03T21:19:49.543Z" },
    { url = "https://files.pythonhosted.org/packages/64/b3/f8aa4f3e34986c7e4ec45072d1b1b9dd295b6b18007b45518d79726dd725/cffi-2.1.1-cp312-cp312-manylinux2014_s390x.manylinux_2_17_s390x.whl", hash = "sha256:3143d81e29e1e20a9ce10901ec369012947876596f75a222235965f2b7ae832e", size = 208775, upload-time = "2026-08-03T21:19:50.918Z" },
    { url = "https://files.pythonhosted.org/packages/b1/db/dceb9dd5b231e1da801793f8acc9f3c52a7e1afe40bb1aae37e02b0faad5/cffi-2.1.1-cp312-cp312-manylinux2014_x86_64.manylinux_2_17_x86_64.whl", hash = "sha256:c1453022f490d2459a11819d83ad1d586e9ff65a12ac3e705ffebd46d3685dcf", size = 221822, upload-time = "2026-08-03T21:19:52.054Z" },
    { url = "https://files.pythonhosted.org/packages/a0/d2/6cd24ae3be000a634109c247d1475d62e5616d0dc78c82770942ec384248/cffi-2.1.1-cp312-cp312-musllinux_1_2_aarch64.whl", hash = "sha256:208f941bb9d18e768138677f0a6d2ce01f590df56043dda1df1535ac57c88517", size = 225232, upload-time = "2026-08-03T21:19:53.109Z" },
    { url = "https://files.pythonhosted.org/packages/cb/52/3fa190537004dd7f0ab860a6dc7c0175b8667f68d1e618a46f5498d30250/cffi-2.1.1-cp312-cp312-musllinux_1_2_x86_64.whl", hash = "sha256:210019b6c7cf07f081b4c54635c8cf744377001350e29cc0f81c4377b4797735", size = 223597, upload-time = "2026-08-03T21:19:54.515Z" },
    { url = "https://files.pythonhosted.org/packages/80/fb/0bb75b7039588c074b37ae99f40d9bfddf990ecb2fbc346ebccd2e56b9be/cffi-2.1.1-cp312-cp312-win32.whl", hash = "sha256:046bfc24911b37851ee1b51aab8bffe713d89c68c6a057b09484ce9fd5f69b4e", size = 175292, upload-time = "2026-08-03T21:19:55.566Z" },
    { url = "https://files.pythonhosted.org/packages/d9/79/615cc094e2fb508cade7de88d3b4f6c4ec2bab695c97bce9153dc65aadf5/cffi-2.1.1-cp312-cp312-win_amd64.whl", hash = "sha256:f53e442b08449d42821fa4a4fba000095af9f62742a500f978a9f557ec44339a", size = 185919, upload-time = "2026-08-03T21:19:56.89Z" },
    { url = "https://files.pythonhosted.org/packages/70/c6/d0ea84713fe46b243a436a18fcd47d639732747e21635c8a27191b06dc30/cffi-2.1.1-cp312-cp312-win_arm64.whl", hash = "sha256:7bde5e4cc5c10140859842b9d383af292b22639a4dffb725314baf45968cef80", size = 180093, upload-time = "2026-08-03T21:19:58.155Z" },
    { url = "https://files.pythonhosted.org/packages/9d/f4/035513d4117049066b4779dc3b7c0c0fdad175fa13731c9f4003f1cd1478/cffi-2.1.1-cp313-cp313-ios_13_0_arm64_iphoneos.whl", hash = "sha256:b5bdfd1c873d4e093aabc0ca84c4ca6dbc4f752afb5c86f146d9742580c9da2e", size = 194248, upload-time = "2026-08-03T21:19:59.399Z" },
    { url = "https://files.pythonhosted.org/packages/76/af/2aeb4dbb5fc41a04161ae9ff1518de7cec08e164f44a8ce6a4cf7fd2cd1d/cffi-2.1.1-cp313-cp313-ios_13_0_arm64_iphonesimulator.whl", hash = "sha256:31348097ff5bbe827ccc41795d4dd099d9f0625e7def00ee653c137a490c2a6c", size = 196908, upload-time = "2026-08-03T21:20:00.746Z" },
    { url = "https://files.pythonhosted.org/packages/a7/46/2e5fdde8555706dd98139a910ca11be02809f3f605ce956f655d0214e100/cffi-2.1.1-cp313-cp313-macosx_10_15_x86_64.whl", hash = "sha256:9d2055050ea716bd38b7f7f1579c275386646b4894c155a3e2f3cd62ed41b7c6", size = 184805, upload-time = "2026-08-03T21:20:02.02Z" },
    { url = "https://files.pythonhosted.org/packages/55/41/4c7042f317b9217502988f0873af87e16ad606dc20f84e546e3e6ce9764c/cffi-2.1.1-cp313-cp313-macosx_11_0_arm64.whl", hash = "sha256:19ee6127ee34de7d83ce3d371ebc5ed91addbdcc39f9ab15ce4eb35a4e534971", size = 184764, upload-time = "2026-08-03T21:20:03.141Z" },
    { url = "https://files.pythonhosted.org/packages/43/1f/1c3d90d91811c8f86ced9ed637956c54bfe5b79ca98fe976d7f8c8979f6b/cffi-2.1.1-cp313-cp313-manylinux1_i686.manylinux2014_i686.manylinux_2_17_i686.manylinux_2_5_i686.whl", hash = "sha256:6a8dddef476fab96d066d578fc88526767b836ab5ab21754e1d5bf3879c31c7c", size = 214722, upload-time = "2026-08-03T21:20:04.377Z" },
    { url = "https://files.pythonhosted.org/packages/37/6f/3b5ce4c3b2192d250f04908f2bfd91ef34552ec8f7716a5d4abdb8d67bb2/cffi-2.1.1-cp313-cp313-manylinux2014_aarch64.manylinux_2_17_aarch64.whl", hash = "sha256:f16c709686a78c727bbbf059f92b0bf41c6fc60deec706d2dc19f529175a6125", size = 222369, upload-time = "2026-08-03T21:20:05.544Z" },
    { url = "https://files.pythonhosted.org/packages/02/10/4b3c75dde3d9663c9e02ba05c2668b954f671d4bbe346413ca8c696b295a/cffi-2.1.1-cp313-cp313-manylinux2014_ppc64le.manylinux_2_17_ppc64le.whl", hash = "sha256:fcd22650c908d7b7da162bbfaab594a1227a15d1643a98c68b122ac642fa2264", size = 210175, upload-time = "2026-08-03T21:20:06.75Z" },
    { url = "https://files.pythonhosted.org/packages/df/62/14f74b9543e605d17701dc797b815958b8bb70b7624ce1b832ddad48ed6c/cffi-2.1.1-cp313-cp313-manylinux2014_s390x.manylinux_2_17_s390x.whl", hash = "sha256:aa9511c62d14da7aacc9b4bf51f3f697a621e83b2d6919008243c3aad168eea3", size = 208670, upload-time = "2026-08-03T21:20:08.04Z" },
    { url = "https://files.pythonhosted.org/packages/95/95/86342356ff5953b3fb06f7ef7c5bee212d45e770abc7218d451b9148313c/cffi-2.1.1-cp313-cp313-manylinux2014_x86_64.manylinux_2_17_x86_64.whl", hash = "sha256:a931079504ecc49efed7744c476a5c343a92fabf66dec2db95edb1b2fdc770e2", size = 221824, upload-time = "2026-08-03T21:20:09.274Z" },
    { url = "https://files.pythonhosted.org/packages/eb/ff/7b3429ff53aafe931ed8a5fc69f481bbef7ba6de87ddcbb63d08f483f613/cffi-2.1.1-cp313-cp313-musllinux_1_2_aarch64.whl", hash = "sha256:a2d7755bef5a12ed488f4ef1f1b69ee9191d7396083b755a5d2295f6edb4768b", size = 225148, upload-time = "2026-08-03T21:20:10.7Z" },
    { url = "https://files.pythonhosted.org/packages/34/34/a95870b9221e09cf4f2ce3178b1a210abdfe63a1bd357da940418d7b8d15/cffi-2.1.1-cp313-cp313-musllinux_1_2_x86_64.whl", hash = "sha256:e0bcb7e0f677f543555d2adff3bf19c05f66cdb4796e5ff602442ab2fe3c4ef7", size = 223564, upload-time = "2026-08-03T21:20:12.165Z" },
    { url = "https://files.pythonhosted.org/packages/70/ea/839b50531021a647fb5e929f72cf97bc1ff702b5472166164b5b6e76b851/cffi-2.1.1-cp313-cp313-win32.whl", hash = "sha256:334644fbac4eff73d985a17a91226df55d0f394160c4cfb880e084c8f7161cac", size = 175263, upload-time = "2026-08-03T21:20:13.559Z" },
    { url = "https://files.pythonhosted.org/packages/60/a6/8b149b2c3f2e11aaa1618ef64500b45f50f22c57a977a4dff1aff1f91042/cffi-2.1.1-cp313-cp313-win_amd64.whl", hash = "sha256:1aa5645c30469b09530c4ebca77ebf8f17618293c58f8549cb1a543a50236e7d", size = 185688, upload-time = "2026-08-03T21:20:14.69Z" },
    { url = "https://files.pythonhosted.org/packages/01/9a/11f687cb39d6a3504060d5242f04f48c735afb4d3d533958a20594890cb2/cffi-2.1.1-cp313-cp313-win_arm64.whl", hash = "sha256:63bbfd5ded17c4840ac07cd8f1c21ba9d9708141f840b324f422f41b207e3973", size = 180078, upload-time = "2026-08-03T21:20:15.917Z" },
]

[[package]]
name = "charset-normalizer"
version = "3.5.2"
source = { registry = "https://pypi.org/simple" }
sdist = { url = "https://files.pythonhosted.org/packages/33/1c/f41d4e74c28ab327ff3acd36053f7ea506c55872d7a90b0fa71aa3ab0c89/charset_normalizer-3.5.2.tar.gz", hash = "sha256:39de2a259fc954455c57274dc94c79d5842774e1247a016aff30bc0efed0f4ef", size = 172659, upload-time = "2026-09-30T04:39:23.398Z" }
wheels = [
    { url = "https://files.pythonhosted.org/packages/e7/c8/693809898870237d82785a03f3b2b58fe4c9f14669f84a7d4e623c92a59e/charset_normalizer-3.5.2-cp312-cp312-macosx_10_13_universal2.whl", hash = "sha256:ed2a239c0ea213acc1908150a3037257083c7c083128f1a4cec2ec4b97dca491", size = 367780, upload-time = "2026-09-30T04:35:30.888Z" },
    { url = "https://files.pythonhosted.org/packages/c9/87/2fea8c13dc24b3ca9c6f803a5b2dfdeae73eb4f9e12c7885ed908ff0433c/charset_normalizer-3.5.2-cp312-cp312-manylinux2014_aarch64.manylinux_2_17_aarch64.manylinux_2_28_aarch64.whl", hash = "sha256:b91363207bd9dc966a691e959bb47f64b30f7ac4b072be9968b366982f7db77c", size = 246730, upload-time = "2026-09-30T04:35:32.286Z" },
    { url = "https://files.pythonhosted.org/packages/a8/9e/09efac30b937722f46d3110ba30b875b24b2e3a266ed746cc4e376a94d80/charset_normalizer-3.5.2-cp312-cp312-manylinux2014_armv7l.manylinux_2_17_armv7l.manylinux_2_31_armv7l.whl", hash = "sha256:38a873987f3be698494da8b2e3085e29da02da7b633dce73e79c699a113d7bf0", size = 237707, upload-time = "2026-09-30T04:35:33.709Z" },
    { url = "https://files.pythonhosted.org/packages/9e/18/70d76670b13686237863a379928d60bd10e021f17d243ab3d7014c4a5f4e/charset_normalizer-3.5.2-cp312-cp312-manylinux2014_ppc64le.manylinux_2_17_ppc64le.manylinux_2_28_ppc64le.whl", hash = "sha256:355ad8011081dec5412240c087a9a0c9d4d5039f3ed11a3f13e18c2b29b56c51", size = 273050, upload-time = "2026-09-30T04:35:35.138Z" },
    { url = "https://files.pythonhosted.org/packages/54/e2/77a8b09d5adc013ed07b95b01b8b8fa5441c4e810e83ee7e4aae2fa4d91a/charset_normalizer-3.5.2-cp312-cp312-manylinux2014_s390x.manylinux_2_17_s390x.manylinux_2_28_s390x.whl", hash = "sha256:ee21e28f0430bd6dc9086c6e525d5e818a44a5ad19720c8a0ef766792f3eb5e5", size = 270345, upload-time = "2026-09-30T04:35:36.502Z" },
    { url = "https://files.pythonhosted.org/packages/7f/c5/38806a25ab5e65fc178f39affeda20858efafede2fce1ffc2556cfc9fe73/charset_normalizer-3.5.2-cp312-cp312-manylinux2014_x86_64.manylinux_2_17_x86_64.manylinux_2_28_x86_64.whl", hash = "sha256:3d31298449090ab8d47b7b1b2a555ff73cac7ed438a08b7ac160980c7ebed649", size = 257601, upload-time = "2026-09-30T04:35:37.919Z" },
    { url = "https://files.pythonhosted.org/packages/ae/8d/213565184708fdb263ae55e2c04ee1ff748129dd65d48ed0e3502da9c85a/charset_normalizer-3.5.2-cp312-cp312-manylinux_2_31_riscv64.manylinux_2_39_riscv64.whl", hash = "sha256:5cde776b7cc66e4f6c99612cea4aa7269aa65863f7a15841b2c264f103822f4e", size = 252222, upload-time = "2026-09-30T04:35:39.544Z" },
    { url = "https://files.pythonhosted.org/packages/7e/24/76d2cefc25472531e4c5c7dfff68865eb1c39b78482f0fdc15b46f047830/charset_normalizer-3.5.2-cp312-cp312-musllinux_1_2_aarch64.whl", hash = "sha256:ae4f5fea5b8b8ccff88238cc8569303e5ee95efae67fa62922a311397a71f346", size = 248482, upload-time = "2026-09-30T04:35:41.088Z" },
    { url = "https://files.pythonhosted.org/packages/7d/dc/65a801b66ab4c197e22c433ab25e7ac24324ac6f45a2269aca42cce309bf/charset_normalizer-3.5.2-cp312-cp312-musllinux_1_2_armv7l.whl", hash = "sha256:f7d486c83842422badd511868fd8a9a20e9407ace71564b6af47ce7e60a336c1", size = 241206, upload-time = "2026-09-30T04:35:42.59Z" },
    { url = "https://files.pythonhosted.org/packages/a7/95/ca9b5eabde673002c6f1e7ada1b223916fe18f6d661da7aabd4d643718f1/charset_normalizer-3.5.2-cp312-cp312-musllinux_1_2_ppc64le.whl", hash = "sha256:11a4d68a6ecda3292cb1e50239e111543ba5d709bb62a6b4ea1afcfa729d8875", size = 273190, upload-time = "2026-09-30T04:35:44.347Z" },
    { url = "https://files.pythonhosted.org/packages/2d/8b/803b4d2a3f6e1740f63f1e87b04d14b42f3d4fdfe6ed7d4db2d34102b14f/charset_normalizer-3.5.2-cp312-cp312-musllinux_1_2_riscv64.whl", hash = "sha256:d6734d2ef8a50fbf8445c139477da401f50d62a0606bf00e20ec6d87773fefb1", size = 253527, upload-time = "2026-09-30T04:35:45.915Z" },
    { url = "https://files.pythonhosted.org/packages/a9/55/93c0e5dbd085ae0471346026abbe7e0db9ea2d6fea74e51f0b5a46f233a7/charset_normalizer-3.5.2-cp312-cp312-musllinux_1_2_s390x.whl", hash = "sha256:a815775b6c38d4e0ff7bcffbeba67feded90202bb6a226b8dd35f1c855217413", size = 271285, upload-time = "2026-09-30T04:35:47.49Z" },
    { url = "https://files.pythonhosted.org/packages/95/69/0dbd0e0b9b16cfa816cdfcb3e2e3854a1f680dc07fb1245ea125e7448060/charset_normalizer-3.5.2-cp312-cp312-musllinux_1_2_x86_64.whl", hash = "sha256:23851fb4e1b85ed3f6c2a27b777cdfe2e19fb5b38429a8faf38c7542b7665869", size = 260010, upload-time = "2026-09-30T04:35:48.996Z" },
    { url = "https://files.pythonhosted.org/packages/58/9d/e7b88e7b1bf403590c3b573277b5e1e488c68c7a6fbacca310a2c324e90c/charset_normalizer-3.5.2-cp312-cp312-win32.whl", hash = "sha256:db19d07e2e0129e974a0e65d0064fc222a446cd5122c2fd4184d2af9fc734a9e", size = 184125, upload-time = "2026-09-30T04:35:50.777Z" },
    { url = "https://files.pythonhosted.org/packages/eb/e6/e6e083884cbcfd49c64865af05027fe7011be7b2d9179524f099a1b611f3/charset_normalizer-3.5.2-cp312-cp312-win_amd64.whl", hash = "sha256:780fbe7cab297b81dad9fb8dc5eb003c0468ffb0d9e5f65068c53a34661a96bc", size = 207486, upload-time = "2026-09-30T04:35:52.194Z" },
    { url = "https://files.pythonhosted.org/packages/c4/e3/017aea0911ada7405a825c7d937eb3a13009664e2f5b38e8c4bbf2abf894/charset_normalizer-3.5.2-cp312-cp312-win_arm64.whl", hash = "sha256:e2af3aad578aa6bd1384bcf4750fc285e5a9de53f40b7d41e5a0bf748edeb2b3", size = 196734, upload-time = "2026-09-30T04:35:53.636Z" },
    { url = "https://files.pythonhosted.org/packages/c5/34/68292d68512768591aaff07c59bb53ee31341c87759433a859c4641a50c2/charset_normalizer-3.5.2-cp313-cp313-android_24_arm64_v8a.whl", hash = "sha256:ed905975ab14056a2e5eb1c376cb2e1ebc5396baf84163939c518556fccde9f5", size = 225946, upload-time = "2026-09-30T04:35:55.313Z" },
    { url = "https://files.pythonhosted.org/packages/e3/80/bee0b01b90ccd5322ae1d0abb33fab1bd95b7c2eadaf02aeccf22e04ee83/charset_normalizer-3.5.2-cp313-cp313-android_24_x86_64.whl", hash = "sha256:a66c3bc5ab1f0ff2164fc9965ddd611ff0802173f4b9d24554c563f6ab7e1d6e", size = 238619, upload-time = "2026-09-30T04:35:56.863Z" },
    { url = "https://files.pythonhosted.org/packages/78/6e/60ce52a85a7fd631ae8482ae6d74521014ca2f255892679484dc04d7ef56/charset_normalizer-3.5.2-cp313-cp313-ios_13_0_arm64_iphoneos.whl", hash = "sha256:d2374b62878abb00cd8309b32af6c0b715cd02dec0ca74ef12e5069bdc64144a", size = 206701, upload-time = "2026-09-30T04:35:58.639Z" },
    { url = "https://files.pythonhosted.org/packages/36/8c/71aafad23f971afc84c2b295bc0c560739ce1dac558aad9fec22e39f3639/charset_normalizer-3.5.2-cp313-cp313-ios_13_0_arm64_iphonesimulator.whl", hash = "sha256:d376bbd28b3a8999db1a103b3b388aee6f1ddeb3e51bc2172993efdcd86e064d", size = 210506, upload-time = "2026-09-30T04:36:00.147Z" },
    { url = "https://files.pythonhosted.org/packages/91/da/3c5a7798c046df7d2d68ad653cf5b6c5a8bfee225055a843c6f2f42aac1a/charset_normalizer-3.5.2-cp313-cp313-macosx_10_13_universal2.whl", hash = "sha256:6045373d5a89a5ec71afde535db987ca28e76dfa276c2d4c818265b375d4b055", size = 366626, upload-time = "2026-09-30T04:36:01.77Z" },
    { url = "https://files.pythonhosted.org/packages/e1/16/710ac3de2ee354e2bd1a9c94efe45a2d27b5c6ad39b2d6a905be2c094b6c/charset_normalizer-3.5.2-cp313-cp313-manylinux2014_aarch64.manylinux_2_17_aarch64.manylinux_2_28_aarch64.whl", hash = "sha256:849df64e889b2e17230d58410a03dba311a65b163508fd33679b2b737d4b7858", size = 244624, upload-time = "2026-09-30T04:36:03.389Z" },
    { url = "https://files.pythonhosted.org/packages/d6/39/45c7439f5b63d24f7d5b2a1d760f34af7628782d7144b4cc8ded45c2d4bc/charset_normalizer-3.5.2-cp313-cp313-manylinux2014_armv7l.manylinux_2_17_armv7l.manylinux_2_31_armv7l.whl", hash = "sha256:15c44f7edfd477b06f517a5cc317fc1707edb9de2c865f43d4b6513907473234", size = 235731, upload-time = "2026-09-30T04:36:04.987Z" },
    { url = "https://files.pythonhosted.org/packages/4d/34/38f3154785ce92e9f56eb226f4d35bdfae6b008480dd055f58837a89c810/charset_normalizer-3.5.2-cp313-cp313-manylinux2014_ppc64le.manylinux_2_17_ppc64le.manylinux_2_28_ppc64le.whl", hash = "sha256:a89012d6d5476ee112d20d998570ed58df2260a852afb1758809cd6900411d21", size = 270352, upload-time = "2026-09-30T04:36:06.412Z" },
    { url = "https://files.pythonhosted.org/packages/04/f3/859f74e7babc977705026b30593b3be04049632a522fb7000f83c033d747/charset_normalizer-3.5.2-cp313-cp313-manylinux2014_s390x.manylinux_2_17_s390x.manylinux_2_28_s390x.whl", hash = "sha256:0c951d5e6dd9c2ff60609476752bee49da4206adde960ebc247766937f72e718", size = 267393, upload-time = "2026-09-30T04:36:07.865Z" },
    { url = "https://files.pythonhosted.org/packages/4b/85/41d27f234b82e47c167a5f6c0f62501dc0c640585ff4aba79e08a390336a/charset_normalizer-3.5.2-cp313-cp313-manylinux2014_x86_64.manylinux_2_17_x86_64.manylinux_2_28_x86_64.whl", hash = "sha256:7218e8f32b0956cfcd048fd42d9d5779809745ca1d86113ca56f66e7ae1549c4", size = 254660, upload-time = "2026-09-30T04:36:09.248Z" },
    { url = "https://files.pythonhosted.org/packages/58/ca/5d1a997587febe5b26d8daffe363b5c1a091cece19828eec6502fd09c5ef/charset_normalizer-3.5.2-cp313-cp313-manylinux_2_31_riscv64.manylinux_2_39_riscv64.whl", hash = "sha256:a19a731138fc27d5682277d3b9df22855cea1239bce7fcec5f78f42ef2d1f3c3", size = 249996, upload-time = "2026-09-30T04:36:10.73Z" },
    { url = "https://files.pythonhosted.org/packages/b3/1f/d1e78246f7ed60c8c8d606b4ac27f66ce49cc3e95f24893ccbeba9f77302/charset_normalizer-3.5.2-cp313-cp313-musllinux_1_2_aarch64.whl", hash = "sha256:62603db9a7caa0802eaa28c1c46fecd7b3a263a774069c24c3c28c302448721c", size = 247028, upload-time = "2026-09-30T04:36:12.294Z" },
    { url = "https://files.pythonhosted.org/packages/8e/37/eba316edd4f0c4d3a5d945924c4eeeae59abac4056aa815d8a4268f863a2/charset_normalizer-3.5.2-cp313-cp313-musllinux_1_2_armv7l.whl", hash = "sha256:b6856554c4f44d79fc2307d5768854310a8f0096e501c75637542c82292b0429", size = 240562, upload-time = "2026-09-30T04:36:13.887Z" },
    { url = "https://files.pythonhosted.org/packages/c8/8e/aaa037d40ca9ef045977f1a661048b1aa33f223adfce3452fe9be9f79d14/charset_normalizer-3.5.2-cp313-cp313-musllinux_1_2_ppc64le.whl", hash = "sha256:1bc0baf5ef96b6ede57d47f4b8fe4d9d84019c3bfcbeb20a41edc6a6ee341f1f", size = 271699, upload-time = "2026-09-30T04:36:15.41Z" },
    { url = "https://files.pythonhosted.org/packages/26/19/1c1c9f75974adf523b87f34b8a2adc5a435cd65916812bcbd0dfa45f9a29/charset_normalizer-3.5.2-cp313-cp313-musllinux_1_2_riscv64.whl", hash = "sha256:56bc200a365efb37383b7852e4cc5898d3b2da5987289b543956cf8cad71018a", size = 252030, upload-time = "2026-09-30T04:36:16.839Z" },
    { url = "https://files.pythonhosted.org/packages/bc/90/0660ef18e18df0a4d2a1a0edff7dfbba42d4e50ef2425557a5bb7051f77b/charset_normalizer-3.5.2-cp313-cp313-musllinux_1_2_s390x.whl", hash = "sha256:2c9ad19a6cfcd5ea5c0d41161d22f9df1dcc277e9bef2751391334546a314c00", size = 268565, upload-time = "2026-09-30T04:36:18.468Z" },
    { url = "https://files.pythonhosted.org/packages/79/ba/57adc269824e8658f1a0f97a9e514c247445a9632b3419b97e0ba37f16dc/charset_normalizer-3.5.2-cp313-cp313-musllinux_1_2_x86_64.whl", hash = "sha256:e243bd13217235fc7290c621941c3f5cc8b66e4872495be821d7436ba2fb838d", size = 257627, upload-time = "2026-09-30T04:36:19.938Z" },
    { url = "https://files.pythonhosted.org/packages/9a/85/33abd4315c052d3d4f54c92b1ee49bfbc0dc7115a981e462a793b6d2ab87/charset_normalizer-3.5.2-cp313-cp313-pyemscripten_2025_0_wasm32.whl", hash = "sha256:a090bb2c68df85450502e3e20d665e3a5af9c65a84d6508ed477badd49166fd3", size = 143407, upload-time = "2026-09-30T04:36:21.376Z" },
    { url = "https://files.pythonhosted.org/packages/4f/de/6435e18d1aaa5d910b896d551411c96af1f42a0c56c29afc2016c61ccc2e/charset_normalizer-3.5.2-cp313-cp313-win32.whl", hash = "sha256:2b7b3bbfb4fe8ef40600792d762fbaa9057559f9d3fad209525b7a22b99e91fd", size = 183207, upload-time = "2026-09-30T04:36:22.776Z" },
    { url = "https://files.pythonhosted.org/packages/9c/76/b8ec57f4e9ee3253541abf95e4a462c0175fe8032dcd070f1f2421240942/charset_normalizer-3.5.2-cp313-cp313-win_amd64.whl", hash = "sha256:78456a747de8dc58360ffa581f30a002baf5aa28cb262536545e91f113ed7639", size = 206489, upload-time = "2026-09-30T04:36:24.306Z" },
    { url = "https://files.pythonhosted.org/packages/3e/60/c647c6ae47480221e875ea5d743ff94946f7416e3c69415ab772928e8d32/charset_normalizer-3.5.2-cp313-cp313-win_arm64.whl", hash = "sha256:11912e4bb14baae7c5d8791aa55ba0a3a03ec6729073307b0f57270abaa713d3", size = 195501, upload-time = "2026-09-30T04:36:25.846Z" },
    { url = "https://files.pythonhosted.org/packages/8c/ab/176fbfd5b64939c55d652366aa5b9ef1d767af207a3aa6ebeb0d226c484d/charset_normalizer-3.5.2-cp37-abi3-macosx_10_9_universal2.whl", hash = "sha256:4275811936e2f06feff5e598fb42a1b7ae852da8e39605211892b56b81a34efd", size = 331815, upload-time = "2026-09-30T04:38:26.216Z" },
    { url = "https://files.pythonhosted.org/packages/7e/84/371eac6b30bdbcbf2d632a1a01809103459216fcaae61b8b8d922c1bfb8a/charset_normalizer-3.5.2-cp37-abi3-manylinux1_x86_64.manylinux_2_28_x86_64.manylinux_2_5_x86_64.whl", hash = "sha256:1c50fe28bbc2ced33386f298650d91218076c05420e6cbd790b913adc41659e7", size = 253276, upload-time = "2026-09-30T04:38:28.032Z" },
    { url = "https://files.pythonhosted.org/packages/43/6f/c4fbae58febff71709c51bc7e18fdfa55341dc382704740f9f0cbf03817b/charset_normalizer-3.5.2-cp37-abi3-manylinux2014_aarch64.manylinux_2_17_aarch64.manylinux_2_28_aarch64.whl", hash = "sha256:d19fbd981a488e22cd04883659ca6b08f50b5974f9fd7c95655ef6a043e5893f", size = 241239, upload-time = "2026-09-30T04:38:29.732Z" },
    { url = "https://files.pythonhosted.org/packages/61/71/458c3f42164a07d0c5210798e9e704b39e540a6793b05aba67f3a35243a9/charset_normalizer-3.5.2-cp37-abi3-manylinux2014_armv7l.manylinux_2_17_armv7l.manylinux_2_31_armv7l.whl", hash = "sha256:0fed1d06615f022ee3b13caf5e8b180cfea32bb2c5aded8a9d44277afc040f93", size = 231121, upload-time = "2026-09-30T04:38:31.462Z" },
    { url = "https://files.pythonhosted.org/packages/09/54/ab9e89367076f6331bb6c65c4bf14a5361fa5191cb6561bf534f18504e1b/charset_normalizer-3.5.2-cp37-abi3-manylinux2014_ppc64le.manylinux_2_17_ppc64le.manylinux_2_28_ppc64le.whl", hash = "sha256:838dcc90063569a0448120554591a1d6c4a4ffe11babf048908793154ab86ade", size = 260350, upload-time = "2026-09-30T04:38:33.239Z" },
    { url = "https://files.pythonhosted.org/packages/7c/c1/061431ecc688d9d76602502cb57cc01e691e682c18f1beb45f9673b5bbd2/charset_normalizer-3.5.2-cp37-abi3-manylinux2014_s390x.manylinux_2_17_s390x.manylinux_2_28_s390x.whl", hash = "sha256:2ce45c6627b22c47e390bc91a41c3d13032192e699fa0bea96e9671b373d69b0", size = 255430, upload-time = "2026-09-30T04:38:34.865Z" },
    { url = "https://files.pythonhosted.org/packages/8d/1f/20c8949f0676f7ab811abdeb7f4d7f1cbc6e61ff20bef08b44edeb092bc8/charset_normalizer-3.5.2-cp37-abi3-manylinux_2_31_riscv64.manylinux_2_39_riscv64.whl", hash = "sha256:0774bf9bf620249fee3e0b8b9fd3065de213be30f3aa94ce2494b3b638949e26", size = 250612, upload-time = "2026-09-30T04:38:36.649Z" },
    { url = "https://files.pythonhosted.org/packages/2b/9e/46f2fa4c431fc98c4ae76a8cb5bdca54e0341e3cfc3fcfd8e82740250818/charset_normalizer-3.5.2-cp37-abi3-musllinux_1_2_aarch64.whl", hash = "sha256:1db38f4c5496827c1a501846d64d14c3b80c7e6714e406cd7dc36a9899fa1011", size = 242083, upload-time = "2026-09-30T04:38:38.26Z" },
    { url = "https://files.pythonhosted.org/packages/bd/39/559be29a0c0f086e0bba6922babd38916cc5e0b58ced4de13ee01ea05508/charset_normalizer-3.5.2-cp37-abi3-musllinux_1_2_armv7l.whl", hash = "sha256:304d8e4d493af723536393eee0c689eb7813f4a474c8b479dee63f1fdd98f621", size = 232738, upload-time = "2026-09-30T04:38:39.81Z" },
    { url = "https://files.pythonhosted.org/packages/ff/6c/387b0e4f756a282831c1d9fc6aeb6c51ca4507ca202767c8de15ce9b12e2/charset_normalizer-3.5.2-cp37-abi3-musllinux_1_2_ppc64le.whl", hash = "sha256:9b7f416ff0978e2f2249330527f0ad6fa02f4932e6199692d3b52da2048c19e4", size = 260703, upload-time = "2026-09-30T04:38:41.346Z" },
    { url = "https://files.pythonhosted.org/packages/96/92/1fdf015f09ef449f50d3ac4b67c90887c9c318b727daa95cc4f866e6521d/charset_normalizer-3.5.2-cp37-abi3-musllinux_1_2_riscv64.whl", hash = "sha256:01077390b03f7988f11d700a2194e69b119741a86b1a638b1db88891e3eced8e", size = 247622, upload-time = "2026-09-30T04:38:42.937Z" },
    { url = "https://files.pythonhosted.org/packages/dc/3c/8e7b8a5671ad5d433669fb2a76f1a0164df2d9b1718b0206bc2a16d840cc/charset_normalizer-3.5.2-cp37-abi3-musllinux_1_2_s390x.whl", hash = "sha256:7e841fb9010836c992c9f12fcbd43a831de93a5f726fc1ccd8ca1d0268c5014c", size = 257500, upload-time = "2026-09-30T04:38:44.604Z" },
    { url = "https://files.pythonhosted.org/packages/b4/f0/45b579df5cabc1d5d53ea1cc35e8437d3ca768c0acccc7041517cb6fbb32/charset_normalizer-3.5.2-cp37-abi3-musllinux_1_2_x86_64.whl", hash = "sha256:9cae88599c7219005d879f98e5ed53341e9a122af585e1091200358a3003d2a0", size = 255100, upload-time = "2026-09-30T04:38:46.289Z" },
    { url = "https://files.pythonhosted.org/packages/31/68/fdec18a343f5fb3f310588dd478b09ac4799e0b187dbade3a8cd776f03ef/charset_normalizer-3.5.2-cp37-abi3-win32.whl", hash = "sha256:01b0c0d2262a9e28e8484a278c7e1b5d650e3ac8cf2683d2967e25899f208bdf", size = 174499, upload-time = "2026-09-30T04:38:47.999Z" },
    { url = "https://files.pythonhosted.org/packages/9d/8a/b618149cc5207943a0242068d7a27897f56a62947b5a039085f2a22029f8/charset_normalizer-3.5.2-cp37-abi3-win_amd64.whl", hash = "sha256:9f56f72050826f63dcee7a7f55b0a77168cb3bfc553fd405e7f8f9ece75a4036", size = 200092, upload-time = "2026-09-30T04:38:49.707Z" },
    { url = "https://files.pythonhosted.org/packages/03/cf/4c66866fa9e2b1c78e3c911516d1de497a677b7ac60f1eceda74ce777ca3/charset_normalizer-3.5.2-cp37-abi3-win_arm64.whl", hash = "sha256:40ab6bffa02ae10a0581e6c198be7d2d8ca5c2a0c64e4ed3465d766df457573e", size = 294363, upload-time = "2026-09-30T04:38:51.312Z" },
    { url = "https://files.pythonhosted.org/packages/fc/ad/d07d7862a62ffa6d79d68074d14823243dd235a77c45262acbf6adeb28bf/charset_normalizer-3.5.2-py3-none-any.whl", hash = "sha256:b6b751274acb69d77b3323d6b7dbaa3c7fdfc1eb829b7eb61d262f32e1af9685", size = 68872, upload-time = "2026-09-30T04:39:21.828Z" },
]

[[package]]
name = "curl-cffi"
version = "0.16.3"
source = { registry = "https://pypi.org/simple" }
dependencies = [
    { name = "certifi" },
    { name = "cffi" },
]
sdist = { url = "https://files.pythonhosted.org/packages/82/e1/730125c43e3e331d98e17af3cb310ba526b3f1101b7635ca23d976ebfcf5/curl_cffi-0.16.3.tar.gz", hash = "sha256:d15d0c2a35f2d75bec430c28946c2a833f421c85773bdb0795182cc5c515665b", size = 239020, upload-time = "2026-09-02T11:58:23.266Z" }
wheels = [
    { url = "https://files.pythonhosted.org/packages/79/7a/ec08ef0665c4ef4ea76b47042eb1c043e4afb374d8b9218e00272c9e73a2/curl_cffi-0.16.3-cp310-abi3-macosx_10_9_x86_64.whl", hash = "sha256:0f1f6878863fba393801e4d59b2f2766d1983b5c9d9dfa11d4becfd6a74cc937", size = 3025646, upload-time = "2026-09-02T11:57:39.326Z" },
    { url = "https://files.pythonhosted.org/packages/4c/86/e21b8ed384db26401a4438f20f01c7bcd9c3a6f8ceede458344e2d62775c/curl_cffi-0.16.3-cp310-abi3-macosx_11_0_arm64.whl", hash = "sha256:f3b63da797912bc82911e34dfe449725514e4281527fb516931fc457087cfb44", size = 2784023, upload-time = "2026-09-02T11:57:40.986Z" },
    { url = "https://files.pythonhosted.org/packages/97/2d/25b106e64178829be1ce171b6cd45ba354ab7a2a5169001866b38d4c440f/curl_cffi-0.16.3-cp310-abi3-manylinux2014_aarch64.manylinux_2_17_aarch64.whl", hash = "sha256:d5a4103f2baa1fcf619ec3101b419827d367044ba106b206228137cc71a5a9c5", size = 12834219, upload-time = "2026-09-02T11:57:42.711Z" },
    { url = "https://files.pythonhosted.org/packages/e7/dd/db27a521777d0cf00f9a1554453ae730539dd134bca108d8df256a85c91e/curl_cffi-0.16.3-cp310-abi3-manylinux2014_i686.manylinux_2_17_i686.whl", hash = "sha256:f2795f0ef2e8cc0e6d702e52367af6600f5bcf10e44d683e256254adc7e3589f", size = 12655304, upload-time = "2026-09-02T11:57:45.334Z" },
    { url = "https://files.pythonhosted.org/packages/72/01/2bbf141baa0fc3921d31a90de5465b7a94188845a8fe84dee86bf7bd90f1/curl_cffi-0.16.3-cp310-abi3-manylinux2014_x86_64.manylinux_2_17_x86_64.whl", hash = "sha256:a875a661e2f9a949be29454880bbb9553307a487c4c08819738298cf5c1622e2", size = 13484311, upload-time = "2026-09-02T11:57:47.58Z" },
    { url = "https://files.pythonhosted.org/packages/bb/d4/745ca299a2a223ee18574ec7cff75de620a92ce69b3cb09490db8fba614b/curl_cffi-0.16.3-cp310-abi3-manylinux_2_28_armv7l.manylinux_2_31_armv7l.whl", hash = "sha256:0851e710608122a2716bdee35788bbd7e9d4a0fd42899b2bca9181277095af8e", size = 12840616, upload-time = "2026-09-02T11:57:50.016Z" },
    { url = "https://files.pythonhosted.org/packages/5e/bf/98d72d7a081cc155a71ab66bde6a18640d4ac5d4f6766f729a92cb4257c0/curl_cffi-0.16.3-cp310-abi3-manylinux_2_34_riscv64.manylinux_2_39_riscv64.whl", hash = "sha256:1d7e553442cefec100dfd1fca4ae7035ab6c094457244bf60a38670b8ac8185d", size = 12612602, upload-time = "2026-09-02T11:57:52.584Z" },
    { url = "https://files.pythonhosted.org/packages/36/cf/2fdaff71fd6f39c5994495af8378e6e26bca8e447d94d2f75a76337908c8/curl_cffi-0.16.3-cp310-abi3-musllinux_1_2_aarch64.whl", hash = "sha256:60621b3f561346046dd62be33abfb50c8b88a8007699d6b11d39ad4755312c4a", size = 12588697, upload-time = "2026-09-02T11:57:55.138Z" },
    { url = "https://files.pythonhosted.org/packages/74/55/68c399019bc24ea6ac783c98139a2555f88589631f3d127fe6b9073f019b/curl_cffi-0.16.3-cp310-abi3-musllinux_1_2_x86_64.whl", hash = "sha256:20a7b1b473371cfaf2118958034977e457c6fa279fbd11543c9e0ab58be9eedd", size = 13253555, upload-time = "2026-09-02T11:57:57.524Z" },
    { url = "https://files.pythonhosted.org/packages/9b/72/1732a24ef4a2aeba994b80ec163debe8deda403c07e4abbc0443bca078b8/curl_cffi-0.16.3-cp310-abi3-win_amd64.whl", hash = "sha256:fe87b66e324ed7318166698e02169f3208dbda32b872a27d2bc61a9c19b335eb", size = 1978602, upload-time = "2026-09-02T11:58:00.033Z" },
    { url = "https://files.pythonhosted.org/packages/45/bb/67bec3132aeabac99dfe2f299a9b43dcb5de23ad96219ee98516d177fc9c/curl_cffi-0.16.3-cp310-abi3-win_arm64.whl", hash = "sha256:5a2ba880019f9e5a9e8f38ae22de6e4ea4c8d34a51ae4f1a2fce962c7b632006", size = 1713140, upload-time = "2026-09-02T11:58:01.558Z" },
    { url = "https://files.pythonhosted.org/packages/49/e3/b88f9b1a60a1e29b42e9371c1b3f4fdd83bf8177fcf863df67438da12693/curl_cffi-0.16.3-cp313-cp313-android_24_arm64_v8a.whl", hash = "sha256:01c31369b1c8063c7e459152c508c90de7a4218aa66ee3a1f575ae37ce44bc5a", size = 8607348, upload-time = "2026-09-02T11:58:03.095Z" },
]

[[package]]
name = "garminconnect"
version = "0.3.17"
source = { registry = "https://pypi.org/simple" }
dependencies = [
    { name = "curl-cffi" },
    { name = "requests" },
    { name = "ua-generator" },
]
sdist = { url = "https://files.pythonhosted.org/packages/32/4e/2758ce40ee00487a36154df4a3b1bfa6b7f3038954d49de3747718d853b4/garminconnect-0.3.17.tar.gz", hash = "sha256:f6b6dd282c950c394478cb5bcca506e1432e82037e27625d1456ef49c8f17ffe", size = 109120, upload-time = "2026-09-29T07:19:53.616Z" }
wheels = [
    { url = "https://files.pythonhosted.org/packages/25/a5/cf958eab4eaae4bb94852a3819f367074a4a19e489938ae3cb1efc32bd87/garminconnect-0.3.17-py3-none-any.whl", hash = "sha256:624d8c2468d865d286c9fb7ae8133633bb1d52a2b019c8beb5ff9ae10dd43264", size = 102734, upload-time = "2026-09-29T07:19:52.182Z" },
]

[[package]]
name = "healthgo"
version = "0.1.0"
source = { editable = "." }
dependencies = [
    { name = "garminconnect" },
]

[package.metadata]
requires-dist = [{ name = "garminconnect", specifier = "==0.3.17" }]

[[package]]
name = "idna"
version = "3.20"
source = { registry = "https://pypi.org/simple" }
sdist = { url = "https://files.pythonhosted.org/packages/f5/08/8eea9d4b8302028f3abb2c0813953f7aec26d33b7a8960ed760e65ff29fa/idna-3.20.tar.gz", hash = "sha256:a7db850025b95ded1eae8a46181a1a6c56c92c96f0e2b005d9ff8dc0210cab44", size = 216463, upload-time = "2026-09-17T14:11:04.752Z" }
wheels = [
    { url = "https://files.pythonhosted.org/packages/58/a2/bb081bab032533a855d44de1d56f8e8426114ff1ba5d1f07a438a0a654f8/idna-3.20-py3-none-any.whl", hash = "sha256:ab7ae7122974553370f0bdb919e1a960b2cd1bc1ef0276416d896db81c14582c", size = 69583, upload-time = "2026-09-17T14:11:03.168Z" },
]

[[package]]
name = "pycparser"
version = "3.1"
source = { registry = "https://pypi.org/simple" }
sdist = { url = "https://files.pythonhosted.org/packages/ac/d3/eb1d3bc30dda12f7e69640ae2ac8cb10240b71fb73024ad528b7d2ae73da/pycparser-3.1.tar.gz", hash = "sha256:b3fc6dec06a8b2fefa0ed4ff92285306a5e3be9987bc5603c9edbdc4e492418f", size = 105946, upload-time = "2026-10-08T12:26:34.349Z" }
wheels = [
    { url = "https://files.pythonhosted.org/packages/99/ce/b3ae9ee0324d991c860187be2a6ee436d27a3d02397eaddbb101ec901f3d/pycparser-3.1-py3-none-any.whl", hash = "sha256:f09d358c840bd147b79e55f2bc494f18ea869dc897f5852a8f5766b74f787882", size = 48709, upload-time = "2026-10-08T12:26:32.97Z" },
]

[[package]]
name = "requests"
version = "2.34.2"
source = { registry = "https://pypi.org/simple" }
dependencies = [
    { name = "certifi" },
    { name = "charset-normalizer" },
    { name = "idna" },
    { name = "urllib3" },
]
sdist = { url = "https://files.pythonhosted.org/packages/ac/c3/e2a2b89f2d3e2179abd6d00ebd70bff6273f37fb3e0cc209f48b39d00cbf/requests-2.34.2.tar.gz", hash = "sha256:f288924cae4e29463698d6d60bc6a4da69c89185ad1e0bcc4104f584e960b9ed", size = 142856, upload-time = "2026-05-14T19:25:27.735Z" }
wheels = [
    { url = "https://files.pythonhosted.org/packages/a0/f4/c67b0b3f1b9245e8d266f0f112c500d50e5b4e83cb6f3b71b6528104182a/requests-2.34.2-py3-none-any.whl", hash = "sha256:2a0d60c172f83ac6ab31e4554906c0f3b3588d37b5cb939b1c061f4907e278e0", size = 73075, upload-time = "2026-05-14T19:25:26.443Z" },
]

[[package]]
name = "ua-generator"
version = "2.1.6"
source = { registry = "https://pypi.org/simple" }
sdist = { url = "https://files.pythonhosted.org/packages/dc/48/ce6900f0e88e2158d137272820e47cf312fc691a9c26c9b447d79c3b31d3/ua_generator-2.1.6.tar.gz", hash = "sha256:532b8769f3dbb914b5ace2846a47cdfa2b3a2d17a9c82cfef53d19280045b18e", size = 29805, upload-time = "2026-09-20T14:40:42.639Z" }
wheels = [
    { url = "https://files.pythonhosted.org/packages/c6/03/d6ac97d7010451c43679c3efc46ff6b9e149cb3293ff93cf65f30fa58a54/ua_generator-2.1.6-py3-none-any.whl", hash = "sha256:877285e6adab3d6b0f9b295d954d121fc21a0305be8526038218e8f08be76df6", size = 32891, upload-time = "2026-09-20T14:40:41.391Z" },
]

[[package]]
name = "urllib3"
version = "2.8.0"
source = { registry = "https://pypi.org/simple" }
sdist = { url = "https://files.pythonhosted.org/packages/e3/05/b17359e1cefb4f909b5e40b1b90a496d987258916dbbf88e842c729f510e/urllib3-2.8.0.tar.gz", hash = "sha256:63bf2ead4c879426ebf22ef2a781eeb4aa3b4ae798a0435506f8687fd5bb9b63", size = 458972, upload-time = "2026-09-15T19:29:36.253Z" }
wheels = [
    { url = "https://files.pythonhosted.org/packages/92/9d/c4e665119135114480843e7ab388fa94d8480650450e6f8e26b70d323a4c/urllib3-2.8.0-py3-none-any.whl", hash = "sha256:0cf3cae568d36aa9576b28dfb35f11328f1cb974ca7647d9475ebb86c75ac6e3", size = 135717, upload-time = "2026-09-15T19:29:34.577Z" },
]
